// !$*UTF8*$!
{
	archiveVersion = 1;
	classes = {
	};
	objectVersion = 56;
	objects = {

/* Begin PBXBuildFile section */
		D5029CBA2B4FFDA70031E240 /* JournalyApp.swift in Sources */ = {isa = PBXBuildFile; fileRef = D5029CB92B4FFDA70031E240 /* JournalyApp.swift */; };
		D5029CBC2B4FFDA70031E240 /* ContentView.swift in Sources */ = {isa = PBXBuildFile; fileRef = D5029CBB2B4FFDA70031E240 /* ContentView.swift */; };
		D5029CBE2B4FFDA80031E240 /* Assets.xcassets in Resources */ = {isa = PBXBuildFile; fileRef = D5029CBD2B4FFDA80031E240 /* Assets.xcassets */; };
		D5029CC12B4FFDA80031E240 /* Preview Assets.xcassets in Resources */ = {isa = PBXBuildFile; fileRef = D5029CC02B4FFDA80031E240 /* Preview Assets.xcassets */; };
		D5029CC82B4FFDCB0031E240 /* CustomTabBarView.swift in Sources */ = {isa = PBXBuildFile; fileRef = D5029CC72B4FFDCB0031E240 /* CustomTabBarView.swift */; };
		D508FB262B53629E004FA804 /* CreatePageView.swift in Sources */ = {isa = PBXBuildFile; fileRef = D508FB252B53629E004FA804 /* CreatePageView.swift */; };
		D508FB282B53D4C7004FA804 /* Extensions.swift in Sources */ = {isa = PBXBuildFile; fileRef = D508FB272B53D4C7004FA804 /* Extensions.swift */; };
		D508FB2A2B53DD62004FA804 /* JournalsView.swift in Sources */ = {isa = PBXBuildFile; fileRef = D508FB292B53DD62004FA804 /* JournalsView.swift */; };
/* End PBXBuildFile section */

/* Begin PBXFileReference section */
		D5029CB62B4FFDA70031E240 /* Journaly.app */ = {isa = PBXFileReference; explicitFileType = wrapper.application; includeInIndex = 0; path = Journaly.app; sourceTree = BUILT_PRODUCTS_DIR; };
		D5029CB92B4FFDA70031E240 /* JournalyApp.swift */ = {isa = PBXFileReference; lastKnownFileType = sourcecode.swift; path = JournalyApp.swift; sourceTree = "<group>"; };
		D5029CBB2B4FFDA70031E240 /* ContentView.swift */ = {isa = PBXFileReference; lastKnownFileType = sourcecode.swift; path = ContentView.swift; sourceTree = "<group>"; };
		D5029CBD2B4FFDA80031E240 /* Assets.xcassets */ = {isa = PBXFileReference; lastKnownFileType = folder.assetcatalog; path = Assets.xcassets; sourceTree = "<group>"; };
		D5029CC02B4FFDA80031E240 /* Preview Assets.xcassets */ = {isa = PBXFileReference; lastKnownFileType = folder.assetcatalog; path = "Preview Assets.xcassets"; sourceTree = "<group>"; };
		D5029CC72B4FFDCB0031E240 /* CustomTabBarView.swift */ = {isa = PBXFileReference; lastKnownFileType = sourcecode.swift; path = CustomTabBarView.swift; sourceTree = "<group>"; };
		D508FB252B53629E004FA804 /* CreatePageView.swift */ = {isa = PBXFileReference; lastKnownFileType = sourcecode.swift; path = CreatePageView.swift; sourceTree = "<group>"; };
		D508FB272B53D4C7004FA804 /* Extensions.swift */ = {isa = PBXFileReference; lastKnownFileType = sourcecode.swift; path = Extensions.swift; sourceTree = "<group>"; };
		D508FB292B53DD62004FA804 /* JournalsView.swift */ = {isa = PBXFileReference; lastKnownFileType = sourcecode.swift; path = JournalsView.swift; sourceTree = "<group>"; };
/* End PBXFileReference section */

/* Begin PBXFrameworksBuildPhase section */
		D5029CB32B4FFDA70031E240 /* Frameworks */ = {
			isa = PBXFrameworksBuildPhase;
			buildActionMask = 2147483647;
			files = (
			);
			runOnlyForDeploymentPostprocessing = 0;
		};
/* End PBXFrameworksBuildPhase section */

/* Begin PBXGroup section */
		D5029CAD2B4FFDA70031E240 = {
			isa = PBXGroup;
			children = (
				D5029CB82B4FFDA70031E240 /* Journaly */,
				D5029CB72B4FFDA70031E240 /* Products */,
			);
			sourceTree = "<group>";
		};
		D5029CB72B4FFDA70031E240 /* Products */ = {
			isa = PBXGroup;
			children = (
				D5029CB62B4FFDA70031E240 /* Journaly.app */,
			);
			name = Products;
			sourceTree = "<group>";
		};
		D5029CB82B4FFDA70031E240 /* Journaly */ = {
			isa = PBXGroup;
			children = (
				D5029CB92B4FFDA70031E240 /* JournalyApp.swift */,
				D5029CBB2B4FFDA70031E240 /* ContentView.swift */,
				D508FB292B53DD62004FA804 /* JournalsView.swift */,
				D508FB252B53629E004FA804 /* CreatePageView.swift */,
				D5029CC72B4FFDCB0031E240 /* CustomTabBarView.swift */,
				D5029CBD2B4FFDA80031E240 /* Assets.xcassets */,
				D5029CBF2B4FFDA80031E240 /* Preview Content */,
				D508FB272B53D4C7004FA804 /* Extensions.swift */,
			);
			path = Journaly;
			sourceTree = "<group>";
		};
		D5029CBF2B4FFDA80031E240 /* Preview Content */ = {
			isa = PBXGroup;
			children = (
				D5029CC02B4FFDA80031E240 /* Preview Assets.xcassets */,
			);
			path = "Preview Content";
			sourceTree = "<group>";
		};
/* End PBXGroup section */

/* Begin PBXNativeTarget section */
		D5029CB52B4FFDA70031E240 /* Journaly */ = {
			isa = PBXNativeTarget;
			buildConfigurationList = D5029CC42B4FFDA80031E240 /* Build configuration list for PBXNativeTarget "Journaly" */;
			buildPhases = (
				D5029CB22B4FFDA70031E240 /* Sources */,
				D5029CB32B4FFDA70031E240 /* Frameworks */,
				D5029CB42B4FFDA70031E240 /* Resources */,
			);
			buildRules = (
			);
			dependencies = (
			);
			name = Journaly;
			packageProductDependencies = (
			);
			productName = Journaly;
			productReference = D5029CB62B4FFDA70031E240 /* Journaly.app */;
			productType = "com.apple.product-type.application";
		};
/* End PBXNativeTarget section */

/* Begin PBXProject section */
		D5029CAE2B4FFDA70031E240 /* Project object */ = {
			isa = PBXProject;
			attributes = {
				BuildIndependentTargetsInParallel = 1;
				LastSwiftUpdateCheck = 1430;
				LastUpgradeCheck = 1430;
				TargetAttributes = {
					D5029CB52B4FFDA70031E240 = {
						CreatedOnToolsVersion = 14.3.1;
					};
				};
			};
			buildConfigurationList = D5029CB12B4FFDA70031E240 /* Build configuration list for PBXProject "Journaly" */;
			compatibilityVersion = "Xcode 14.0";
			developmentRegion = en;
			hasScannedForEncodings = 0;
			knownRegions = (
				en,
				Base,
			);
			mainGroup = D5029CAD2B4FFDA70031E240;
			packageReferences = (
			);
			productRefGroup = D5029CB72B4FFDA70031E240 /* Products */;
			projectDirPath = "";
			projectRoot = "";
			targets = (
				D5029CB52B4FFDA70031E240 /* Journaly */,
			);
		};
/* End PBXProject section */

/* Begin PBXResourcesBuildPhase section */
		D5029CB42B4FFDA70031E240 /* Resources */ = {
			isa = PBXResourcesBuildPhase;
			buildActionMask = 2147483647;
			files = (
				D5029CC12B4FFDA80031E240 /* Preview Assets.xcassets in Resources */,
				D5029CBE2B4FFDA80031E240 /* Assets.xcassets in Resources */,
			);
			runOnlyForDeploymentPostprocessing = 0;
		};
/* End PBXResourcesBuildPhase section */

/* Begin PBXSourcesBuildPhase section */
		D5029CB22B4FFDA70031E240 /* Sources */ = {
			isa = PBXSourcesBuildPhase;
			buildActionMask = 2147483647;
			files = (
				D508FB282B53D4C7004FA804 /* Extensions.swift in Sources */,
				D5029CC82B4FFDCB0031E240 /* CustomTabBarView.swift in Sources */,
				D5029CBC2B4FFDA70031E240 /* ContentView.swift in Sources */,
				D5029CBA2B4FFDA70031E240 /* JournalyApp.swift in Sources */,
				D508FB2A2B53DD62004FA804 /* JournalsView.swift in Sources */,
				D508FB262B53629E004FA804 /* CreatePageView.swift in Sources */,
			);
			runOnlyForDeploymentPostprocessing = 0;
		};
/* End PBXSourcesBuildPhase section */

/* Begin XCBuildConfiguration section */
		D5029CC22B4FFDA80031E240 /* Debug */ = {
			isa = XCBuildConfiguration;
			buildSettings = {
				ALWAYS_SEARCH_USER_PATHS = NO;
				CLANG_ANALYZER_NONNULL = YES;
				CLANG_ANALYZER_NUMBER_OBJECT_CONVERSION = YES_AGGRESSIVE;
				CLANG_CXX_LANGUAGE_STANDARD = "gnu++20";
				CLANG_ENABLE_MODULES = YES;
				CLANG_ENABLE_OBJC_ARC = YES;
				CLANG_ENABLE_OBJC_WEAK = YES;
				CLANG_WARN_BLOCK_CAPTURE_AUTORELEASING = YES;
				CLANG_WARN_BOOL_CONVERSION = YES;
				CLANG_WARN_COMMA = YES;
				CLANG_WARN_CONSTANT_CONVERSION = YES;
				CLANG_WARN_DEPRECATED_OBJC_IMPLEMENTATIONS = YES;
				CLANG_WARN_DIRECT_OBJC_ISA_USAGE = YES_ERROR;
				CLANG_WARN_DOCUMENTATION_COMMENTS = YES;
				CLANG_WARN_EMPTY_BODY = YES;
				CLANG_WARN_ENUM_CONVERSION = YES;
				CLANG_WARN_INFINITE_RECURSION = YES;
				CLANG_WARN_INT_CONVERSION = YES;
				CLANG_WARN_NON_LITERAL_NULL_CONVERSION = YES;
				CLANG_WARN_OBJC_IMPLICIT_RETAIN_SELF = YES;
				CLANG_WARN_OBJC_LITERAL_CONVERSION = YES;
				CLANG_WARN_OBJC_ROOT_CLASS = YES_ERROR;
				CLANG_WARN_QUOTED_INCLUDE_IN_FRAMEWORK_HEADER = YES;
				CLANG_WARN_RANGE_LOOP_ANALYSIS = YES;
				CLANG_WARN_STRICT_PROTOTYPES = YES;
				CLANG_WARN_SUSPICIOUS_MOVE = YES;
				CLANG_WARN_UNGUARDED_AVAILABILITY = YES_AGGRESSIVE;
				CLANG_WARN_UNREACHABLE_CODE = YES;
				CLANG_WARN__DUPLICATE_METHOD_MATCH = YES;
				COPY_PHASE_STRIP = NO;
				DEBUG_INFORMATION_FORMAT = dwarf;
				ENABLE_STRICT_OBJC_MSGSEND = YES;
				ENABLE_TESTABILITY = YES;
				GCC_C_LANGUAGE_STANDARD = gnu11;
				GCC_DYNAMIC_NO_PIC = NO;
				GCC_NO_COMMON_BLOCKS = YES;
				GCC_OPTIMIZATION_LEVEL = 0;
				GCC_PREPROCESSOR_DEFINITIONS = (
					"DEBUG=1",
					"$(inherited)",
				);
				GCC_WARN_64_TO_32_BIT_CONVERSION = YES;
				GCC_WARN_ABOUT_RETURN_TYPE = YES_ERROR;
				GCC_WARN_UNDECLARED_SELECTOR = YES;
				GCC_WARN_UNINITIALIZED_AUTOS = YES_AGGRESSIVE;
				GCC_WARN_UNUSED_FUNCTION = YES;
				GCC_WARN_UNUSED_VARIABLE = YES;
				IPHONEOS_DEPLOYMENT_TARGET = 16.4;
				MTL_ENABLE_DEBUG_INFO = INCLUDE_SOURCE;
				MTL_FAST_MATH = YES;
				ONLY_ACTIVE_ARCH = YES;
				SDKROOT = iphoneos;
				SWIFT_ACTIVE_COMPILATION_CONDITIONS = DEBUG;
				SWIFT_OPTIMIZATION_LEVEL = "-Onone";
			};
			name = Debug;
		};
		D5029CC32B4FFDA80031E240 /* Release */ = {
			isa = XCBuildConfiguration;
			buildSettings = {
				ALWAYS_SEARCH_USER_PATHS = NO;
				CLANG_ANALYZER_NONNULL = YES;
				CLANG_ANALYZER_NUMBER_OBJECT_CONVERSION = YES_AGGRESSIVE;
				CLANG_CXX_LANGUAGE_STANDARD = "gnu++20";
				CLANG_ENABLE_MODULES = YES;
				CLANG_ENABLE_OBJC_ARC = YES;
				CLANG_ENABLE_OBJC_WEAK = YES;
				CLANG_WARN_BLOCK_CAPTURE_AUTORELEASING = YES;
				CLANG_WARN_BOOL_CONVERSION = YES;
				CLANG_WARN_COMMA = YES;
				CLANG_WARN_CONSTANT_CONVERSION = YES;
				CLANG_WARN_DEPRECATED_OBJC_IMPLEMENTATIONS = YES;
				CLANG_WARN_DIRECT_OBJC_ISA_USAGE = YES_ERROR;
				CLANG_WARN_DOCUMENTATION_COMMENTS = YES;
				CLANG_WARN_EMPTY_BODY = YES;
				CLANG_WARN_ENUM_CONVERSION = YES;
				CLANG_WARN_INFINITE_RECURSION = YES;
				CLANG_WARN_INT_CONVERSION = YES;
				CLANG_WARN_NON_LITERAL_NULL_CONVERSION = YES;
				CLANG_WARN_OBJC_IMPLICIT_RETAIN_SELF = YES;
				CLANG_WARN_OBJC_LITERAL_CONVERSION = YES;
				CLANG_WARN_OBJC_ROOT_CLASS = YES_ERROR;
				CLANG_WARN_QUOTED_INCLUDE_IN_FRAMEWORK_HEADER = YES;
				CLANG_WARN_RANGE_LOOP_ANALYSIS = YES;
				CLANG_WARN_STRICT_PROTOTYPES = YES;
				CLANG_WARN_SUSPICIOUS_MOVE = YES;
				CLANG_WARN_UNGUARDED_AVAILABILITY = YES_AGGRESSIVE;
				CLANG_WARN_UNREACHABLE_CODE = YES;
				CLANG_WARN__DUPLICATE_METHOD_MATCH = YES;
				COPY_PHASE_STRIP = NO;
				DEBUG_INFORMATION_FORMAT = "dwarf-with-dsym";
				ENABLE_NS_ASSERTIONS = NO;
				ENABLE_STRICT_OBJC_MSGSEND = YES;
				GCC_C_LANGUAGE_STANDARD = gnu11;
				GCC_NO_COMMON_BLOCKS = YES;
				GCC_WARN_64_TO_32_BIT_CONVERSION = YES;
				GCC_WARN_ABOUT_RETURN_TYPE = YES_ERROR;
				GCC_WARN_UNDECLARED_SELECTOR = YES;
				GCC_WARN_UNINITIALIZED_AUTOS = YES_AGGRESSIVE;
				GCC_WARN_UNUSED_FUNCTION = YES;
				GCC_WARN_UNUSED_VARIABLE = YES;
				IPHONEOS_DEPLOYMENT_TARGET = 16.4;
				MTL_ENABLE_DEBUG_INFO = NO;
				MTL_FAST_MATH = YES;
				SDKROOT = iphoneos;
				SWIFT_COMPILATION_MODE = wholemodule;
				SWIFT_OPTIMIZATION_LEVEL = "-O";
				VALIDATE_PRODUCT = YES;
			};
			name = Release;
		};
		D5029CC52B4FFDA80031E240 /* Debug */ = {
			isa = XCBuildConfiguration;
			buildSettings = {
				ASSETCATALOG_COMPILER_APPICON_NAME = AppIcon;
				ASSETCATALOG_COMPILER_GLOBAL_ACCENT_COLOR_NAME = AccentColor;
				CODE_SIGN_STYLE = Automatic;
				CURRENT_PROJECT_VERSION = 1;
				DEVELOPMENT_ASSET_PATHS = "\"Journaly/Preview Content\"";
				DEVELOPMENT_TEAM = YGMX22GP35;
				ENABLE_PREVIEWS = YES;
				GENERATE_INFOPLIST_FILE = YES;
				INFOPLIST_KEY_UIApplicationSceneManifest_Generation = YES;
				INFOPLIST_KEY_UIApplicationSupportsIndirectInputEvents = YES;
				INFOPLIST_KEY_UILaunchScreen_Generation = YES;
				INFOPLIST_KEY_UISupportedInterfaceOrientations_iPad = "UIInterfaceOrientationPortrait UIInterfaceOrientationPortraitUpsideDown UIInterfaceOrientationLandscapeLeft UIInterfaceOrientationLandscapeRight";
				INFOPLIST_KEY_UISupportedInterfaceOrientations_iPhone = "UIInterfaceOrientationPortrait UIInterfaceOrientationLandscapeLeft UIInterfaceOrientationLandscapeRight";
				LD_RUNPATH_SEARCH_PATHS = (
					"$(inherited)",
					"@executable_path/Frameworks",
				);
				MARKETING_VERSION = 1.0;
				PRODUCT_BUNDLE_IDENTIFIER = haithem.Journaly;
				PRODUCT_NAME = "$(TARGET_NAME)";
				SWIFT_EMIT_LOC_STRINGS = YES;
				SWIFT_VERSION = 5.0;
				TARGETED_DEVICE_FAMILY = "1,2";
			};
			name = Debug;
		};
		D5029CC62B4FFDA80031E240 /* Release */ = {
			isa = XCBuildConfiguration;
			buildSettings = {
				ASSETCATALOG_COMPILER_APPICON_NAME = AppIcon;
				ASSETCATALOG_COMPILER_GLOBAL_ACCENT_COLOR_NAME = AccentColor;
				CODE_SIGN_STYLE = Automatic;
				CURRENT_PROJECT_VERSION = 1;
				DEVELOPMENT_ASSET_PATHS = "\"Journaly/Preview Content\"";
				DEVELOPMENT_TEAM = YGMX22GP35;
				ENABLE_PREVIEWS = YES;
				GENERATE_INFOPLIST_FILE = YES;
				INFOPLIST_KEY_UIApplicationSceneManifest_Generation = YES;
				INFOPLIST_KEY_UIApplicationSupportsIndirectInputEvents = YES;
				INFOPLIST_KEY_UILaunchScreen_Generation = YES;
				INFOPLIST_KEY_UISupportedInterfaceOrientations_iPad = "UIInterfaceOrientationPortrait UIInterfaceOrientationPortraitUpsideDown UIInterfaceOrientationLandscapeLeft UIInterfaceOrientationLandscapeRight";
				INFOPLIST_KEY_UISupportedInterfaceOrientations_iPhone = "UIInterfaceOrientationPortrait UIInterfaceOrientationLandscapeLeft UIInterfaceOrientationLandscapeRight";
				LD_RUNPATH_SEARCH_PATHS = (
					"$(inherited)",
					"@executable_path/Frameworks",
				);
				MARKETING_VERSION = 1.0;
				PRODUCT_BUNDLE_IDENTIFIER = haithem.Journaly;
				PRODUCT_NAME = "$(TARGET_NAME)";
				SWIFT_EMIT_LOC_STRINGS = YES;
				SWIFT_VERSION = 5.0;
				TARGETED_DEVICE_FAMILY = "1,2";
			};
			name = Release;
		};
/* End XCBuildConfiguration section */

/* Begin XCConfigurationList section */
		D5029CB12B4FFDA70031E240 /* Build configuration list for PBXProject "Journaly" */ = {
			isa = XCConfigurationList;
			buildConfigurations = (
				D5029CC22B4FFDA80031E240 /* Debug */,
				D5029CC32B4FFDA80031E240 /* Release */,
			);
			defaultConfigurationIsVisible = 0;
			defaultConfigurationName = Release;
		};
		D5029CC42B4FFDA80031E240 /* Build configuration list for PBXNativeTarget "Journaly" */ = {
			isa = XCConfigurationList;
			buildConfigurations = (
				D5029CC52B4FFDA80031E240 /* Debug */,
				D5029CC62B4FFDA80031E240 /* Release */,
			);
			defaultConfigurationIsVisible = 0;
			defaultConfigurationName = Release;
		};
/* End XCConfigurationList section */
	};
	rootObject = D5029CAE2B4FFDA70031E240 /* Project object */;
}
